hash: f4b79691dd95c30f40b4abb658f38c45337aab5e05e56826d1fc7d66d198ae28
updated: 2018-09-09T18:01:43.128266943+02:00
imports:
- name: github.com/andybalholm/cascadia
  version: 901648c87902174f774fac311d7f176f8647bdaa
- name: github.com/cloudfoundry-community/go-cfenv
  version: f920e9562d5f951cbf11785728f67258c38a10d0
- name: github.com/go-sql-driver/mysql
  version: d523deb1b23d913de5bdada721a6071e71283618
- name: github.com/golang-migrate/migrate
  version: 93d53a5ae84d81945eedadfe8f6865530d61d51c
  subpackages:
  - database
  - database/mysql
  - source
  - source/file
- name: github.com/gorilla/context
  version: 08b5f424b9271eedf6f9f0ce86cb9396ed337a42
- name: github.com/gorilla/mux
  version: e3702bed27f0d39777b0b37b664b6280e8ef8fbf
- name: github.com/gorilla/sessions
  version: 81547393f870a35be888759a606ba7bf71dbe5c7
- name: github.com/mitchellh/mapstructure
  version: fa473d140ef3c6adf42d6b391fe76707f1f243c8
- name: github.com/mmcdole/gofeed
  version: 3ad502aa86dbc0f278e63a2badb7b3b1fa26d51e
  subpackages:
  - atom
  - extensions
  - internal/shared
  - rss
- name: github.com/mmcdole/goxpp
  version: 77e4a51a73ed99ee3f33c1474dc166866304acbd
- name: github.com/PuerkitoBio/goquery
  version: dc2ec5c7ca4d9aae063b79b9f581dd3ea6afd2b2
- name: github.com/unrolled/render
  version: 4206df6ff70175d219fdb4672ae157fbed820103
- name: github.com/urfave/negroni
  version: c6a59be0ce122566695fbd5e48a77f8f10c8a63a
- name: golang.org/x/net
  version: 161cd47e91fd58ac17490ef4d742dc98bb4cf60e
  subpackages:
  - html
  - html/atom
  - html/charset
- name: golang.org/x/text
  version: 4ae1256249243a4eb350a9a372e126557f2aa346
  subpackages:
  - encoding
  - encoding/charmap
  - encoding/htmlindex
  - encoding/internal
  - encoding/internal/identifier
  - encoding/japanese
  - encoding/korean
  - encoding/simplifiedchinese
  - encoding/traditionalchinese
  - encoding/unicode
  - internal/language
  - internal/language/compact
  - internal/tag
  - internal/utf8internal
  - language
  - runes
  - transform
- name: google.golang.org/appengine
  version: 03cac3b07182cfb08c0d0c0b6ee72a1ceb151c92
  subpackages:
  - cloudsql
testImports:
- name: github.com/davecgh/go-spew
  version: d8f796af33cc11cb798c1aaeb27a4ebc5099927d
  subpackages:
  - spew
- name: github.com/pmezard/go-difflib
  version: 792786c7400a136282c1664665ae0a8db921c6c2
  subpackages:
  - difflib
- name: github.com/stretchr/testify
  version: 12b6f73e6084dad08a7c6e575284b177ecafbc71
  subpackages:
  - assert
